
Microsoft Visual Studio Solution File, Format Version 12.00
# Visual Studio Version 16
VisualStudioVersion = 16.0.31515.178
MinimumVisualStudioVersion = 10.0.40219.1
Project("{FAE04EC0-301F-11D3-BF4B-00C04F79EFBC}") = "sample01", "sample01\sample01.csproj", "{419BD877-CBC2-4F4D-A579-79039F8EF4F9}"
EndProject
Global
	GlobalSection(SolutionConfigurationPlatforms) = preSolution
		Debug|Any CPU = Debug|Any CPU
		Release|Any CPU = Release|Any CPU
	EndGlobalSection
	GlobalSection(ProjectConfigurationPlatforms) = postSolution
		{419BD877-CBC2-4F4D-A579-79039F8EF4F9}.Debug|Any CPU.ActiveCfg = Debug|Any CPU
		{419BD877-CBC2-4F4D-A579-79039F8EF4F9}.Debug|Any CPU.Build.0 = Debug|Any CPU
		{419BD877-CBC2-4F4D-A579-79039F8EF4F9}.Release|Any CPU.ActiveCfg = Release|Any CPU
		{419BD877-CBC2-4F4D-A579-79039F8EF4F9}.Release|Any CPU.Build.0 = Release|Any CPU
	EndGlobalSection
	GlobalSection(SolutionProperties) = preSolution
		HideSolutionNode = FALSE
	EndGlobalSection
	GlobalSection(ExtensibilityGlobals) = postSolution
		SolutionGuid = {171F4017-49CC-4D40-9346-3F491EB54E26}
	EndGlobalSection
EndGlobal
